// !$*UTF8*$!
{
	archiveVersion = 1;
	classes = {
	};
	objectVersion = 50;
	objects = {

/* Begin PBXBuildFile section */
		0228E9B0228D6E3800C19596 /* AppDelegate.swift in Sources */ = {isa = PBXBuildFile; fileRef = 0228E9AF228D6E3800C19596 /* AppDelegate.swift */; };
		0228E9B2228D6E3800C19596 /* ViewController.swift in Sources */ = {isa = PBXBuildFile; fileRef = 0228E9B1228D6E3800C19596 /* ViewController.swift */; };
		0228E9B5228D6E3800C19596 /* Main.storyboard in Resources */ = {isa = PBXBuildFile; fileRef = 0228E9B3228D6E3800C19596 /* Main.storyboard */; };
		0228E9B7228D6E3A00C19596 /* Assets.xcassets in Resources */ = {isa = PBXBuildFile; fileRef = 0228E9B6228D6E3A00C19596 /* Assets.xcassets */; };
		0228E9BA228D6E3A00C19596 /* LaunchScreen.storyboard in Resources */ = {isa = PBXBuildFile; fileRef = 0228E9B8228D6E3A00C19596 /* LaunchScreen.storyboard */; };
		0228E9C2228D6FF900C19596 /* LocationNotificationScheduler.swift in Sources */ = {isa = PBXBuildFile; fileRef = 0228E9C1228D6FF900C19596 /* LocationNotificationScheduler.swift */; };
		025C32F2228D9FF0003C9ED0 /* LocationNotificationInfo.swift in Sources */ = {isa = PBXBuildFile; fileRef = 025C32F1228D9FF0003C9ED0 /* LocationNotificationInfo.swift */; };
/* End PBXBuildFile section */

/* Begin PBXFileReference section */
		0228E9AC228D6E3800C19596 /* LocationTriggere.app */ = {isa = PBXFileReference; explicitFileType = wrapper.application; includeInIndex = 0; path = LocationTriggere.app; sourceTree = BUILT_PRODUCTS_DIR; };
		0228E9AF228D6E3800C19596 /* AppDelegate.swift */ = {isa = PBXFileReference; lastKnownFileType = sourcecode.swift; path = AppDelegate.swift; sourceTree = "<group>"; };
		0228E9B1228D6E3800C19596 /* ViewController.swift */ = {isa = PBXFileReference; lastKnownFileType = sourcecode.swift; path = ViewController.swift; sourceTree = "<group>"; };
		0228E9B4228D6E3800C19596 /* Base */ = {isa = PBXFileReference; lastKnownFileType = file.storyboard; name = Base; path = Base.lproj/Main.storyboard; sourceTree = "<group>"; };
		0228E9B6228D6E3A00C19596 /* Assets.xcassets */ = {isa = PBXFileReference; lastKnownFileType = folder.assetcatalog; path = Assets.xcassets; sourceTree = "<group>"; };
		0228E9B9228D6E3A00C19596 /* Base */ = {isa = PBXFileReference; lastKnownFileType = file.storyboard; name = Base; path = Base.lproj/LaunchScreen.storyboard; sourceTree = "<group>"; };
		0228E9BB228D6E3A00C19596 /* Info.plist */ = {isa = PBXFileReference; lastKnownFileType = text.plist.xml; path = Info.plist; sourceTree = "<group>"; };
		0228E9C1228D6FF900C19596 /* LocationNotificationScheduler.swift */ = {isa = PBXFileReference; lastKnownFileType = sourcecode.swift; path = LocationNotificationScheduler.swift; sourceTree = "<group>"; };
		025C32F1228D9FF0003C9ED0 /* LocationNotificationInfo.swift */ = {isa = PBXFileReference; lastKnownFileType = sourcecode.swift; path = LocationNotificationInfo.swift; sourceTree = "<group>"; };
/* End PBXFileReference section */

/* Begin PBXFrameworksBuildPhase section */
		0228E9A9228D6E3800C19596 /* Frameworks */ = {
			isa = PBXFrameworksBuildPhase;
			buildActionMask = 2147483647;
			files = (
			);
			runOnlyForDeploymentPostprocessing = 0;
		};
/* End PBXFrameworksBuildPhase section */

/* Begin PBXGroup section */
		0228E9A3228D6E3800C19596 = {
			isa = PBXGroup;
			children = (
				0228E9AE228D6E3800C19596 /* LocationTriggere */,
				0228E9AD228D6E3800C19596 /* Products */,
			);
			sourceTree = "<group>";
		};
		0228E9AD228D6E3800C19596 /* Products */ = {
			isa = PBXGroup;
			children = (
				0228E9AC228D6E3800C19596 /* LocationTriggere.app */,
			);
			name = Products;
			sourceTree = "<group>";
		};
		0228E9AE228D6E3800C19596 /* LocationTriggere */ = {
			isa = PBXGroup;
			children = (
				0228E9AF228D6E3800C19596 /* AppDelegate.swift */,
				025C32F1228D9FF0003C9ED0 /* LocationNotificationInfo.swift */,
				0228E9C1228D6FF900C19596 /* LocationNotificationScheduler.swift */,
				0228E9B1228D6E3800C19596 /* ViewController.swift */,
				0228E9B3228D6E3800C19596 /* Main.storyboard */,
				0228E9B6228D6E3A00C19596 /* Assets.xcassets */,
				0228E9B8228D6E3A00C19596 /* LaunchScreen.storyboard */,
				0228E9BB228D6E3A00C19596 /* Info.plist */,
			);
			path = LocationTriggere;
			sourceTree = "<group>";
		};
/* End PBXGroup section */

/* Begin PBXNativeTarget section */
		0228E9AB228D6E3800C19596 /* LocationTriggere */ = {
			isa = PBXNativeTarget;
			buildConfigurationList = 0228E9BE228D6E3A00C19596 /* Build configuration list for PBXNativeTarget "LocationTriggere" */;
			buildPhases = (
				0228E9A8228D6E3800C19596 /* Sources */,
				0228E9A9228D6E3800C19596 /* Frameworks */,
				0228E9AA228D6E3800C19596 /* Resources */,
			);
			buildRules = (
			);
			dependencies = (
			);
			name = LocationTriggere;
			productName = LocationTriggere;
			productReference = 0228E9AC228D6E3800C19596 /* LocationTriggere.app */;
			productType = "com.apple.product-type.application";
		};
/* End PBXNativeTarget section */

/* Begin PBXProject section */
		0228E9A4228D6E3800C19596 /* Project object */ = {
			isa = PBXProject;
			attributes = {
				LastSwiftUpdateCheck = 1010;
				LastUpgradeCheck = 1010;
				ORGANIZATIONNAME = example;
				TargetAttributes = {
					0228E9AB228D6E3800C19596 = {
						CreatedOnToolsVersion = 10.1;
					};
				};
			};
			buildConfigurationList = 0228E9A7228D6E3800C19596 /* Build configuration list for PBXProject "LocationTriggere" */;
			compatibilityVersion = "Xcode 9.3";
			developmentRegion = en;
			hasScannedForEncodings = 0;
			knownRegions = (
				en,
				Base,
			);
			mainGroup = 0228E9A3228D6E3800C19596;
			productRefGroup = 0228E9AD228D6E3800C19596 /* Products */;
			projectDirPath = "";
			projectRoot = "";
			targets = (
				0228E9AB228D6E3800C19596 /* LocationTriggere */,
			);
		};
/* End PBXProject section */

/* Begin PBXResourcesBuildPhase section */
		0228E9AA228D6E3800C19596 /* Resources */ = {
			isa = PBXResourcesBuildPhase;
			buildActionMask = 2147483647;
			files = (
				0228E9BA228D6E3A00C19596 /* LaunchScreen.storyboard in Resources */,
				0228E9B7228D6E3A00C19596 /* Assets.xcassets in Resources */,
				0228E9B5228D6E3800C19596 /* Main.storyboard in Resources */,
			);
			runOnlyForDeploymentPostprocessing = 0;
		};
/* End PBXResourcesBuildPhase section */

/* Begin PBXSourcesBuildPhase section */
		0228E9A8228D6E3800C19596 /* Sources */ = {
			isa = PBXSourcesBuildPhase;
			buildActionMask = 2147483647;
			files = (
				0228E9B2228D6E3800C19596 /* ViewController.swift in Sources */,
				025C32F2228D9FF0003C9ED0 /* LocationNotificationInfo.swift in Sources */,
				0228E9B0228D6E3800C19596 /* AppDelegate.swift in Sources */,
				0228E9C2228D6FF900C19596 /* LocationNotificationScheduler.swift in Sources */,
			);
			runOnlyForDeploymentPostprocessing = 0;
		};
/* End PBXSourcesBuildPhase section */

/* Begin PBXVariantGroup section */
		0228E9B3228D6E3800C19596 /* Main.storyboard */ = {
			isa = PBXVariantGroup;
			children = (
				0228E9B4228D6E3800C19596 /* Base */,
			);
			name = Main.storyboard;
			sourceTree = "<group>";
		};
		0228E9B8228D6E3A00C19596 /* LaunchScreen.storyboard */ = {
			isa = PBXVariantGroup;
			children = (
				0228E9B9228D6E3A00C19596 /* Base */,
			);
			name = LaunchScreen.storyboard;
			sourceTree = "<group>";
		};
/* End PBXVariantGroup section */

/* Begin XCBuildConfiguration section */
		0228E9BC228D6E3A00C19596 /* Debug */ = {
			isa = XCBuildConfiguration;
			buildSettings = {
				ALWAYS_SEARCH_USER_PATHS = NO;
				CLANG_ANALYZER_NONNULL = YES;
				CLANG_ANALYZER_NUMBER_OBJECT_CONVERSION = YES_AGGRESSIVE;
				CLANG_CXX_LANGUAGE_STANDARD = "gnu++14";
				CLANG_CXX_LIBRARY = "libc++";
				CLANG_ENABLE_MODULES = YES;
				CLANG_ENABLE_OBJC_ARC = YES;
				CLANG_ENABLE_OBJC_WEAK = YES;
				CLANG_WARN_BLOCK_CAPTURE_AUTORELEASING = YES;
				CLANG_WARN_BOOL_CONVERSION = YES;
				CLANG_WARN_COMMA = YES;
				CLANG_WARN_CONSTANT_CONVERSION = YES;
				CLANG_WARN_DEPRECATED_OBJC_IMPLEMENTATIONS = YES;
				CLANG_WARN_DIRECT_OBJC_ISA_USAGE = YES_ERROR;
				CLANG_WARN_DOCUMENTATION_COMMENTS = YES;
				CLANG_WARN_EMPTY_BODY = YES;
				CLANG_WARN_ENUM_CONVERSION = YES;
				CLANG_WARN_INFINITE_RECURSION = YES;
				CLANG_WARN_INT_CONVERSION = YES;
				CLANG_WARN_NON_LITERAL_NULL_CONVERSION = YES;
				CLANG_WARN_OBJC_IMPLICIT_RETAIN_SELF = YES;
				CLANG_WARN_OBJC_LITERAL_CONVERSION = YES;
				CLANG_WARN_OBJC_ROOT_CLASS = YES_ERROR;
				CLANG_WARN_RANGE_LOOP_ANALYSIS = YES;
				CLANG_WARN_STRICT_PROTOTYPES = YES;
				CLANG_WARN_SUSPICIOUS_MOVE = YES;
				CLANG_WARN_UNGUARDED_AVAILABILITY = YES_AGGRESSIVE;
				CLANG_WARN_UNREACHABLE_CODE = YES;
				CLANG_WARN__DUPLICATE_METHOD_MATCH = YES;
				CODE_SIGN_IDENTITY = "iPhone Developer";
				COPY_PHASE_STRIP = NO;
				DEBUG_INFORMATION_FORMAT = dwarf;
				ENABLE_STRICT_OBJC_MSGSEND = YES;
				ENABLE_TESTABILITY = YES;
				GCC_C_LANGUAGE_STANDARD = gnu11;
				GCC_DYNAMIC_NO_PIC = NO;
				GCC_NO_COMMON_BLOCKS = YES;
				GCC_OPTIMIZATION_LEVEL = 0;
				GCC_PREPROCESSOR_DEFINITIONS = (
					"DEBUG=1",
					"$(inherited)",
				);
				GCC_WARN_64_TO_32_BIT_CONVERSION = YES;
				GCC_WARN_ABOUT_RETURN_TYPE = YES_ERROR;
				GCC_WARN_UNDECLARED_SELECTOR = YES;
				GCC_WARN_UNINITIALIZED_AUTOS = YES_AGGRESSIVE;
				GCC_WARN_UNUSED_FUNCTION = YES;
				GCC_WARN_UNUSED_VARIABLE = YES;
				IPHONEOS_DEPLOYMENT_TARGET = 12.1;
				MTL_ENABLE_DEBUG_INFO = INCLUDE_SOURCE;
				MTL_FAST_MATH = YES;
				ONLY_ACTIVE_ARCH = YES;
				SDKROOT = iphoneos;
				SWIFT_ACTIVE_COMPILATION_CONDITIONS = DEBUG;
				SWIFT_OPTIMIZATION_LEVEL = "-Onone";
			};
			name = Debug;
		};
		0228E9BD228D6E3A00C19596 /* Release */ = {
			isa = XCBuildConfiguration;
			buildSettings = {
				ALWAYS_SEARCH_USER_PATHS = NO;
				CLANG_ANALYZER_NONNULL = YES;
				CLANG_ANALYZER_NUMBER_OBJECT_CONVERSION = YES_AGGRESSIVE;
				CLANG_CXX_LANGUAGE_STANDARD = "gnu++14";
				CLANG_CXX_LIBRARY = "libc++";
				CLANG_ENABLE_MODULES = YES;
				CLANG_ENABLE_OBJC_ARC = YES;
				CLANG_ENABLE_OBJC_WEAK = YES;
				CLANG_WARN_BLOCK_CAPTURE_AUTORELEASING = YES;
				CLANG_WARN_BOOL_CONVERSION = YES;
				CLANG_WARN_COMMA = YES;
				CLANG_WARN_CONSTANT_CONVERSION = YES;
				CLANG_WARN_DEPRECATED_OBJC_IMPLEMENTATIONS = YES;
				CLANG_WARN_DIRECT_OBJC_ISA_USAGE = YES_ERROR;
				CLANG_WARN_DOCUMENTATION_COMMENTS = YES;
				CLANG_WARN_EMPTY_BODY = YES;
				CLANG_WARN_ENUM_CONVERSION = YES;
				CLANG_WARN_INFINITE_RECURSION = YES;
				CLANG_WARN_INT_CONVERSION = YES;
				CLANG_WARN_NON_LITERAL_NULL_CONVERSION = YES;
				CLANG_WARN_OBJC_IMPLICIT_RETAIN_SELF = YES;
				CLANG_WARN_OBJC_LITERAL_CONVERSION = YES;
				CLANG_WARN_OBJC_ROOT_CLASS = YES_ERROR;
				CLANG_WARN_RANGE_LOOP_ANALYSIS = YES;
				CLANG_WARN_STRICT_PROTOTYPES = YES;
				CLANG_WARN_SUSPICIOUS_MOVE = YES;
				CLANG_WARN_UNGUARDED_AVAILABILITY = YES_AGGRESSIVE;
				CLANG_WARN_UNREACHABLE_CODE = YES;
				CLANG_WARN__DUPLICATE_METHOD_MATCH = YES;
				CODE_SIGN_IDENTITY = "iPhone Developer";
				COPY_PHASE_STRIP = NO;
				DEBUG_INFORMATION_FORMAT = "dwarf-with-dsym";
				ENABLE_NS_ASSERTIONS = NO;
				ENABLE_STRICT_OBJC_MSGSEND = YES;
				GCC_C_LANGUAGE_STANDARD = gnu11;
				GCC_NO_COMMON_BLOCKS = YES;
				GCC_WARN_64_TO_32_BIT_CONVERSION = YES;
				GCC_WARN_ABOUT_RETURN_TYPE = YES_ERROR;
				GCC_WARN_UNDECLARED_SELECTOR = YES;
				GCC_WARN_UNINITIALIZED_AUTOS = YES_AGGRESSIVE;
				GCC_WARN_UNUSED_FUNCTION = YES;
				GCC_WARN_UNUSED_VARIABLE = YES;
				IPHONEOS_DEPLOYMENT_TARGET = 12.1;
				MTL_ENABLE_DEBUG_INFO = NO;
				MTL_FAST_MATH = YES;
				SDKROOT = iphoneos;
				SWIFT_COMPILATION_MODE = wholemodule;
				SWIFT_OPTIMIZATION_LEVEL = "-O";
				VALIDATE_PRODUCT = YES;
			};
			name = Release;
		};
		0228E9BF228D6E3A00C19596 /* Debug */ = {
			isa = XCBuildConfiguration;
			buildSettings = {
				ASSETCATALOG_COMPILER_APPICON_NAME = AppIcon;
				CODE_SIGN_STYLE = Automatic;
				DEVELOPMENT_TEAM = J7S5F5P6TC;
				INFOPLIST_FILE = LocationTriggere/Info.plist;
				IPHONEOS_DEPLOYMENT_TARGET = 11.0;
				LD_RUNPATH_SEARCH_PATHS = (
					"$(inherited)",
					"@executable_path/Frameworks",
				);
				PRODUCT_BUNDLE_IDENTIFIER = example.LocationTriggere;
				PRODUCT_NAME = "$(TARGET_NAME)";
				SWIFT_VERSION = 4.2;
				TARGETED_DEVICE_FAMILY = 1;
			};
			name = Debug;
		};
		0228E9C0228D6E3A00C19596 /* Release */ = {
			isa = XCBuildConfiguration;
			buildSettings = {
				ASSETCATALOG_COMPILER_APPICON_NAME = AppIcon;
				CODE_SIGN_STYLE = Automatic;
				DEVELOPMENT_TEAM = J7S5F5P6TC;
				INFOPLIST_FILE = LocationTriggere/Info.plist;
				IPHONEOS_DEPLOYMENT_TARGET = 11.0;
				LD_RUNPATH_SEARCH_PATHS = (
					"$(inherited)",
					"@executable_path/Frameworks",
				);
				PRODUCT_BUNDLE_IDENTIFIER = example.LocationTriggere;
				PRODUCT_NAME = "$(TARGET_NAME)";
				SWIFT_VERSION = 4.2;
				TARGETED_DEVICE_FAMILY = 1;
			};
			name = Release;
		};
/* End XCBuildConfiguration section */

/* Begin XCConfigurationList section */
		0228E9A7228D6E3800C19596 /* Build configuration list for PBXProject "LocationTriggere" */ = {
			isa = XCConfigurationList;
			buildConfigurations = (
				0228E9BC228D6E3A00C19596 /* Debug */,
				0228E9BD228D6E3A00C19596 /* Release */,
			);
			defaultConfigurationIsVisible = 0;
			defaultConfigurationName = Release;
		};
		0228E9BE228D6E3A00C19596 /* Build configuration list for PBXNativeTarget "LocationTriggere" */ = {
			isa = XCConfigurationList;
			buildConfigurations = (
				0228E9BF228D6E3A00C19596 /* Debug */,
				0228E9C0228D6E3A00C19596 /* Release */,
			);
			defaultConfigurationIsVisible = 0;
			defaultConfigurationName = Release;
		};
/* End XCConfigurationList section */
	};
	rootObject = 0228E9A4228D6E3800C19596 /* Project object */;
}
